// !$*UTF8*$!
{
	archiveVersion = 1;
	classes = {
	};
	objectVersion = 56;
	objects = {

/* Begin PBXBuildFile section */
		3FD4F313292216D3004311BE /* AppDelegate.swift in Sources */ = {isa = PBXBuildFile; fileRef = 3FD4F312292216D3004311BE /* AppDelegate.swift */; };
		3FD4F315292216D3004311BE /* SceneDelegate.swift in Sources */ = {isa = PBXBuildFile; fileRef = 3FD4F314292216D3004311BE /* SceneDelegate.swift */; };
		3FD4F317292216D3004311BE /* ViewController.swift in Sources */ = {isa = PBXBuildFile; fileRef = 3FD4F316292216D3004311BE /* ViewController.swift */; };
		3FD4F31A292216D3004311BE /* Main.storyboard in Resources */ = {isa = PBXBuildFile; fileRef = 3FD4F318292216D3004311BE /* Main.storyboard */; };
		3FD4F31C292216D6004311BE /* Assets.xcassets in Resources */ = {isa = PBXBuildFile; fileRef = 3FD4F31B292216D6004311BE /* Assets.xcassets */; };
		3FD4F31F292216D6004311BE /* LaunchScreen.storyboard in Resources */ = {isa = PBXBuildFile; fileRef = 3FD4F31D292216D6004311BE /* LaunchScreen.storyboard */; };
		3FD4F32A292216D6004311BE /* JJKitTests.swift in Sources */ = {isa = PBXBuildFile; fileRef = 3FD4F329292216D6004311BE /* JJKitTests.swift */; };
		3FD4F334292216D7004311BE /* JJKitUITests.swift in Sources */ = {isa = PBXBuildFile; fileRef = 3FD4F333292216D7004311BE /* JJKitUITests.swift */; };
		3FD4F336292216D7004311BE /* JJKitUITestsLaunchTests.swift in Sources */ = {isa = PBXBuildFile; fileRef = 3FD4F335292216D7004311BE /* JJKitUITestsLaunchTests.swift */; };
		3FD4F34C29221748004311BE /* UIButtonExtension.swift in Sources */ = {isa = PBXBuildFile; fileRef = 3FD4F34629221748004311BE /* UIButtonExtension.swift */; };
		3FD4F34D29221748004311BE /* UIColorExtension.swift in Sources */ = {isa = PBXBuildFile; fileRef = 3FD4F34729221748004311BE /* UIColorExtension.swift */; };
		3FD4F34E29221748004311BE /* UITableViewExtension.swift in Sources */ = {isa = PBXBuildFile; fileRef = 3FD4F34829221748004311BE /* UITableViewExtension.swift */; };
		3FD4F34F29221748004311BE /* UIViewExtension.swift in Sources */ = {isa = PBXBuildFile; fileRef = 3FD4F34929221748004311BE /* UIViewExtension.swift */; };
		3FD4F35029221748004311BE /* UICollectionViewExtension.swift in Sources */ = {isa = PBXBuildFile; fileRef = 3FD4F34A29221748004311BE /* UICollectionViewExtension.swift */; };
		3FD4F35129221748004311BE /* StringExtension.swift in Sources */ = {isa = PBXBuildFile; fileRef = 3FD4F34B29221748004311BE /* StringExtension.swift */; };
/* End PBXBuildFile section */

/* Begin PBXContainerItemProxy section */
		3FD4F326292216D6004311BE /* PBXContainerItemProxy */ = {
			isa = PBXContainerItemProxy;
			containerPortal = 3FD4F307292216D3004311BE /* Project object */;
			proxyType = 1;
			remoteGlobalIDString = 3FD4F30E292216D3004311BE;
			remoteInfo = JJKit;
		};
		3FD4F330292216D7004311BE /* PBXContainerItemProxy */ = {
			isa = PBXContainerItemProxy;
			containerPortal = 3FD4F307292216D3004311BE /* Project object */;
			proxyType = 1;
			remoteGlobalIDString = 3FD4F30E292216D3004311BE;
			remoteInfo = JJKit;
		};
/* End PBXContainerItemProxy section */

/* Begin PBXFileReference section */
		3FD4F30F292216D3004311BE /* JJKit.app */ = {isa = PBXFileReference; explicitFileType = wrapper.application; includeInIndex = 0; path = JJKit.app; sourceTree = BUILT_PRODUCTS_DIR; };
		3FD4F312292216D3004311BE /* AppDelegate.swift */ = {isa = PBXFileReference; lastKnownFileType = sourcecode.swift; path = AppDelegate.swift; sourceTree = "<group>"; };
		3FD4F314292216D3004311BE /* SceneDelegate.swift */ = {isa = PBXFileReference; lastKnownFileType = sourcecode.swift; path = SceneDelegate.swift; sourceTree = "<group>"; };
		3FD4F316292216D3004311BE /* ViewController.swift */ = {isa = PBXFileReference; lastKnownFileType = sourcecode.swift; path = ViewController.swift; sourceTree = "<group>"; };
		3FD4F319292216D3004311BE /* Base */ = {isa = PBXFileReference; lastKnownFileType = file.storyboard; name = Base; path = Base.lproj/Main.storyboard; sourceTree = "<group>"; };
		3FD4F31B292216D6004311BE /* Assets.xcassets */ = {isa = PBXFileReference; lastKnownFileType = folder.assetcatalog; path = Assets.xcassets; sourceTree = "<group>"; };
		3FD4F31E292216D6004311BE /* Base */ = {isa = PBXFileReference; lastKnownFileType = file.storyboard; name = Base; path = Base.lproj/LaunchScreen.storyboard; sourceTree = "<group>"; };
		3FD4F320292216D6004311BE /* Info.plist */ = {isa = PBXFileReference; lastKnownFileType = text.plist.xml; path = Info.plist; sourceTree = "<group>"; };
		3FD4F325292216D6004311BE /* JJKitTests.xctest */ = {isa = PBXFileReference; explicitFileType = wrapper.cfbundle; includeInIndex = 0; path = JJKitTests.xctest; sourceTree = BUILT_PRODUCTS_DIR; };
		3FD4F329292216D6004311BE /* JJKitTests.swift */ = {isa = PBXFileReference; lastKnownFileType = sourcecode.swift; path = JJKitTests.swift; sourceTree = "<group>"; };
		3FD4F32F292216D7004311BE /* JJKitUITests.xctest */ = {isa = PBXFileReference; explicitFileType = wrapper.cfbundle; includeInIndex = 0; path = JJKitUITests.xctest; sourceTree = BUILT_PRODUCTS_DIR; };
		3FD4F333292216D7004311BE /* JJKitUITests.swift */ = {isa = PBXFileReference; lastKnownFileType = sourcecode.swift; path = JJKitUITests.swift; sourceTree = "<group>"; };
		3FD4F335292216D7004311BE /* JJKitUITestsLaunchTests.swift */ = {isa = PBXFileReference; lastKnownFileType = sourcecode.swift; path = JJKitUITestsLaunchTests.swift; sourceTree = "<group>"; };
		3FD4F34629221748004311BE /* UIButtonExtension.swift */ = {isa = PBXFileReference; fileEncoding = 4; lastKnownFileType = sourcecode.swift; path = UIButtonExtension.swift; sourceTree = "<group>"; };
		3FD4F34729221748004311BE /* UIColorExtension.swift */ = {isa = PBXFileReference; fileEncoding = 4; lastKnownFileType = sourcecode.swift; path = UIColorExtension.swift; sourceTree = "<group>"; };
		3FD4F34829221748004311BE /* UITableViewExtension.swift */ = {isa = PBXFileReference; fileEncoding = 4; lastKnownFileType = sourcecode.swift; path = UITableViewExtension.swift; sourceTree = "<group>"; };
		3FD4F34929221748004311BE /* UIViewExtension.swift */ = {isa = PBXFileReference; fileEncoding = 4; lastKnownFileType = sourcecode.swift; path = UIViewExtension.swift; sourceTree = "<group>"; };
		3FD4F34A29221748004311BE /* UICollectionViewExtension.swift */ = {isa = PBXFileReference; fileEncoding = 4; lastKnownFileType = sourcecode.swift; path = UICollectionViewExtension.swift; sourceTree = "<group>"; };
		3FD4F34B29221748004311BE /* StringExtension.swift */ = {isa = PBXFileReference; fileEncoding = 4; lastKnownFileType = sourcecode.swift; path = StringExtension.swift; sourceTree = "<group>"; };
/* End PBXFileReference section */

/* Begin PBXFrameworksBuildPhase section */
		3FD4F30C292216D3004311BE /* Frameworks */ = {
			isa = PBXFrameworksBuildPhase;
			buildActionMask = 2147483647;
			files = (
			);
			runOnlyForDeploymentPostprocessing = 0;
		};
		3FD4F322292216D6004311BE /* Frameworks */ = {
			isa = PBXFrameworksBuildPhase;
			buildActionMask = 2147483647;
			files = (
			);
			runOnlyForDeploymentPostprocessing = 0;
		};
		3FD4F32C292216D7004311BE /* Frameworks */ = {
			isa = PBXFrameworksBuildPhase;
			buildActionMask = 2147483647;
			files = (
			);
			runOnlyForDeploymentPostprocessing = 0;
		};
/* End PBXFrameworksBuildPhase section */

/* Begin PBXGroup section */
		3FD4F306292216D3004311BE = {
			isa = PBXGroup;
			children = (
				3FD4F311292216D3004311BE /* JJKit */,
				3FD4F328292216D6004311BE /* JJKitTests */,
				3FD4F332292216D7004311BE /* JJKitUITests */,
				3FD4F310292216D3004311BE /* Products */,
			);
			sourceTree = "<group>";
		};
		3FD4F310292216D3004311BE /* Products */ = {
			isa = PBXGroup;
			children = (
				3FD4F30F292216D3004311BE /* JJKit.app */,
				3FD4F325292216D6004311BE /* JJKitTests.xctest */,
				3FD4F32F292216D7004311BE /* JJKitUITests.xctest */,
			);
			name = Products;
			sourceTree = "<group>";
		};
		3FD4F311292216D3004311BE /* JJKit */ = {
			isa = PBXGroup;
			children = (
				3FD4F3422922171B004311BE /* Sources */,
				3FD4F312292216D3004311BE /* AppDelegate.swift */,
				3FD4F314292216D3004311BE /* SceneDelegate.swift */,
				3FD4F316292216D3004311BE /* ViewController.swift */,
				3FD4F318292216D3004311BE /* Main.storyboard */,
				3FD4F31B292216D6004311BE /* Assets.xcassets */,
				3FD4F31D292216D6004311BE /* LaunchScreen.storyboard */,
				3FD4F320292216D6004311BE /* Info.plist */,
			);
			path = JJKit;
			sourceTree = "<group>";
		};
		3FD4F328292216D6004311BE /* JJKitTests */ = {
			isa = PBXGroup;
			children = (
				3FD4F329292216D6004311BE /* JJKitTests.swift */,
			);
			path = JJKitTests;
			sourceTree = "<group>";
		};
		3FD4F332292216D7004311BE /* JJKitUITests */ = {
			isa = PBXGroup;
			children = (
				3FD4F333292216D7004311BE /* JJKitUITests.swift */,
				3FD4F335292216D7004311BE /* JJKitUITestsLaunchTests.swift */,
			);
			path = JJKitUITests;
			sourceTree = "<group>";
		};
		3FD4F3422922171B004311BE /* Sources */ = {
			isa = PBXGroup;
			children = (
				3FD4F34529221748004311BE /* Extensions */,
			);
			name = Sources;
			path = ../../Sources;
			sourceTree = "<group>";
		};
		3FD4F34529221748004311BE /* Extensions */ = {
			isa = PBXGroup;
			children = (
				3FD4F34629221748004311BE /* UIButtonExtension.swift */,
				3FD4F34729221748004311BE /* UIColorExtension.swift */,
				3FD4F34829221748004311BE /* UITableViewExtension.swift */,
				3FD4F34929221748004311BE /* UIViewExtension.swift */,
				3FD4F34A29221748004311BE /* UICollectionViewExtension.swift */,
				3FD4F34B29221748004311BE /* StringExtension.swift */,
			);
			path = Extensions;
			sourceTree = "<group>";
		};
/* End PBXGroup section */

/* Begin PBXNativeTarget section */
		3FD4F30E292216D3004311BE /* JJKit */ = {
			isa = PBXNativeTarget;
			buildConfigurationList = 3FD4F339292216D7004311BE /* Build configuration list for PBXNativeTarget "JJKit" */;
			buildPhases = (
				3FD4F30B292216D3004311BE /* Sources */,
				3FD4F30C292216D3004311BE /* Frameworks */,
				3FD4F30D292216D3004311BE /* Resources */,
			);
			buildRules = (
			);
			dependencies = (
			);
			name = JJKit;
			productName = JJKit;
			productReference = 3FD4F30F292216D3004311BE /* JJKit.app */;
			productType = "com.apple.product-type.application";
		};
		3FD4F324292216D6004311BE /* JJKitTests */ = {
			isa = PBXNativeTarget;
			buildConfigurationList = 3FD4F33C292216D7004311BE /* Build configuration list for PBXNativeTarget "JJKitTests" */;
			buildPhases = (
				3FD4F321292216D6004311BE /* Sources */,
				3FD4F322292216D6004311BE /* Frameworks */,
				3FD4F323292216D6004311BE /* Resources */,
			);
			buildRules = (
			);
			dependencies = (
				3FD4F327292216D6004311BE /* PBXTargetDependency */,
			);
			name = JJKitTests;
			productName = JJKitTests;
			productReference = 3FD4F325292216D6004311BE /* JJKitTests.xctest */;
			productType = "com.apple.product-type.bundle.unit-test";
		};
		3FD4F32E292216D7004311BE /* JJKitUITests */ = {
			isa = PBXNativeTarget;
			buildConfigurationList = 3FD4F33F292216D7004311BE /* Build configuration list for PBXNativeTarget "JJKitUITests" */;
			buildPhases = (
				3FD4F32B292216D7004311BE /* Sources */,
				3FD4F32C292216D7004311BE /* Frameworks */,
				3FD4F32D292216D7004311BE /* Resources */,
			);
			buildRules = (
			);
			dependencies = (
				3FD4F331292216D7004311BE /* PBXTargetDependency */,
			);
			name = JJKitUITests;
			productName = JJKitUITests;
			productReference = 3FD4F32F292216D7004311BE /* JJKitUITests.xctest */;
			productType = "com.apple.product-type.bundle.ui-testing";
		};
/* End PBXNativeTarget section */

/* Begin PBXProject section */
		3FD4F307292216D3004311BE /* Project object */ = {
			isa = PBXProject;
			attributes = {
				BuildIndependentTargetsInParallel = 1;
				LastSwiftUpdateCheck = 1400;
				LastUpgradeCheck = 1400;
				ORGANIZATIONNAME = "";
				TargetAttributes = {
					3FD4F30E292216D3004311BE = {
						CreatedOnToolsVersion = 14.0.1;
					};
					3FD4F324292216D6004311BE = {
						CreatedOnToolsVersion = 14.0.1;
						TestTargetID = 3FD4F30E292216D3004311BE;
					};
					3FD4F32E292216D7004311BE = {
						CreatedOnToolsVersion = 14.0.1;
						TestTargetID = 3FD4F30E292216D3004311BE;
					};
				};
			};
			buildConfigurationList = 3FD4F30A292216D3004311BE /* Build configuration list for PBXProject "JJKit" */;
			compatibilityVersion = "Xcode 14.0";
			developmentRegion = en;
			hasScannedForEncodings = 0;
			knownRegions = (
				en,
				Base,
			);
			mainGroup = 3FD4F306292216D3004311BE;
			productRefGroup = 3FD4F310292216D3004311BE /* Products */;
			projectDirPath = "";
			projectRoot = "";
			targets = (
				3FD4F30E292216D3004311BE /* JJKit */,
				3FD4F324292216D6004311BE /* JJKitTests */,
				3FD4F32E292216D7004311BE /* JJKitUITests */,
			);
		};
/* End PBXProject section */

/* Begin PBXResourcesBuildPhase section */
		3FD4F30D292216D3004311BE /* Resources */ = {
			isa = PBXResourcesBuildPhase;
			buildActionMask = 2147483647;
			files = (
				3FD4F31F292216D6004311BE /* LaunchScreen.storyboard in Resources */,
				3FD4F31C292216D6004311BE /* Assets.xcassets in Resources */,
				3FD4F31A292216D3004311BE /* Main.storyboard in Resources */,
			);
			runOnlyForDeploymentPostprocessing = 0;
		};
		3FD4F323292216D6004311BE /* Resources */ = {
			isa = PBXResourcesBuildPhase;
			buildActionMask = 2147483647;
			files = (
			);
			runOnlyForDeploymentPostprocessing = 0;
		};
		3FD4F32D292216D7004311BE /* Resources */ = {
			isa = PBXResourcesBuildPhase;
			buildActionMask = 2147483647;
			files = (
			);
			runOnlyForDeploymentPostprocessing = 0;
		};
/* End PBXResourcesBuildPhase section */

/* Begin PBXSourcesBuildPhase section */
		3FD4F30B292216D3004311BE /* Sources */ = {
			isa = PBXSourcesBuildPhase;
			buildActionMask = 2147483647;
			files = (
				3FD4F317292216D3004311BE /* ViewController.swift in Sources */,
				3FD4F34C29221748004311BE /* UIButtonExtension.swift in Sources */,
				3FD4F35129221748004311BE /* StringExtension.swift in Sources */,
				3FD4F313292216D3004311BE /* AppDelegate.swift in Sources */,
				3FD4F35029221748004311BE /* UICollectionViewExtension.swift in Sources */,
				3FD4F315292216D3004311BE /* SceneDelegate.swift in Sources */,
				3FD4F34D29221748004311BE /* UIColorExtension.swift in Sources */,
				3FD4F34F29221748004311BE /* UIViewExtension.swift in Sources */,
				3FD4F34E29221748004311BE /* UITableViewExtension.swift in Sources */,
			);
			runOnlyForDeploymentPostprocessing = 0;
		};
		3FD4F321292216D6004311BE /* Sources */ = {
			isa = PBXSourcesBuildPhase;
			buildActionMask = 2147483647;
			files = (
				3FD4F32A292216D6004311BE /* JJKitTests.swift in Sources */,
			);
			runOnlyForDeploymentPostprocessing = 0;
		};
		3FD4F32B292216D7004311BE /* Sources */ = {
			isa = PBXSourcesBuildPhase;
			buildActionMask = 2147483647;
			files = (
				3FD4F334292216D7004311BE /* JJKitUITests.swift in Sources */,
				3FD4F336292216D7004311BE /* JJKitUITestsLaunchTests.swift in Sources */,
			);
			runOnlyForDeploymentPostprocessing = 0;
		};
/* End PBXSourcesBuildPhase section */

/* Begin PBXTargetDependency section */
		3FD4F327292216D6004311BE /* PBXTargetDependency */ = {
			isa = PBXTargetDependency;
			target = 3FD4F30E292216D3004311BE /* JJKit */;
			targetProxy = 3FD4F326292216D6004311BE /* PBXContainerItemProxy */;
		};
		3FD4F331292216D7004311BE /* PBXTargetDependency */ = {
			isa = PBXTargetDependency;
			target = 3FD4F30E292216D3004311BE /* JJKit */;
			targetProxy = 3FD4F330292216D7004311BE /* PBXContainerItemProxy */;
		};
/* End PBXTargetDependency section */

/* Begin PBXVariantGroup section */
		3FD4F318292216D3004311BE /* Main.storyboard */ = {
			isa = PBXVariantGroup;
			children = (
				3FD4F319292216D3004311BE /* Base */,
			);
			name = Main.storyboard;
			sourceTree = "<group>";
		};
		3FD4F31D292216D6004311BE /* LaunchScreen.storyboard */ = {
			isa = PBXVariantGroup;
			children = (
				3FD4F31E292216D6004311BE /* Base */,
			);
			name = LaunchScreen.storyboard;
			sourceTree = "<group>";
		};
/* End PBXVariantGroup section */

/* Begin XCBuildConfiguration section */
		3FD4F337292216D7004311BE /* Debug */ = {
			isa = XCBuildConfiguration;
			buildSettings = {
				ALWAYS_SEARCH_USER_PATHS = NO;
				CLANG_ANALYZER_NONNULL = YES;
				CLANG_ANALYZER_NUMBER_OBJECT_CONVERSION = YES_AGGRESSIVE;
				CLANG_CXX_LANGUAGE_STANDARD = "gnu++20";
				CLANG_ENABLE_MODULES = YES;
				CLANG_ENABLE_OBJC_ARC = YES;
				CLANG_ENABLE_OBJC_WEAK = YES;
				CLANG_WARN_BLOCK_CAPTURE_AUTORELEASING = YES;
				CLANG_WARN_BOOL_CONVERSION = YES;
				CLANG_WARN_COMMA = YES;
				CLANG_WARN_CONSTANT_CONVERSION = YES;
				CLANG_WARN_DEPRECATED_OBJC_IMPLEMENTATIONS = YES;
				CLANG_WARN_DIRECT_OBJC_ISA_USAGE = YES_ERROR;
				CLANG_WARN_DOCUMENTATION_COMMENTS = YES;
				CLANG_WARN_EMPTY_BODY = YES;
				CLANG_WARN_ENUM_CONVERSION = YES;
				CLANG_WARN_INFINITE_RECURSION = YES;
				CLANG_WARN_INT_CONVERSION = YES;
				CLANG_WARN_NON_LITERAL_NULL_CONVERSION = YES;
				CLANG_WARN_OBJC_IMPLICIT_RETAIN_SELF = YES;
				CLANG_WARN_OBJC_LITERAL_CONVERSION = YES;
				CLANG_WARN_OBJC_ROOT_CLASS = YES_ERROR;
				CLANG_WARN_QUOTED_INCLUDE_IN_FRAMEWORK_HEADER = YES;
				CLANG_WARN_RANGE_LOOP_ANALYSIS = YES;
				CLANG_WARN_STRICT_PROTOTYPES = YES;
				CLANG_WARN_SUSPICIOUS_MOVE = YES;
				CLANG_WARN_UNGUARDED_AVAILABILITY = YES_AGGRESSIVE;
				CLANG_WARN_UNREACHABLE_CODE = YES;
				CLANG_WARN__DUPLICATE_METHOD_MATCH = YES;
				COPY_PHASE_STRIP = NO;
				DEBUG_INFORMATION_FORMAT = dwarf;
				ENABLE_STRICT_OBJC_MSGSEND = YES;
				ENABLE_TESTABILITY = YES;
				GCC_C_LANGUAGE_STANDARD = gnu11;
				GCC_DYNAMIC_NO_PIC = NO;
				GCC_NO_COMMON_BLOCKS = YES;
				GCC_OPTIMIZATION_LEVEL = 0;
				GCC_PREPROCESSOR_DEFINITIONS = (
					"DEBUG=1",
					"$(inherited)",
				);
				GCC_WARN_64_TO_32_BIT_CONVERSION = YES;
				GCC_WARN_ABOUT_RETURN_TYPE = YES_ERROR;
				GCC_WARN_UNDECLARED_SELECTOR = YES;
				GCC_WARN_UNINITIALIZED_AUTOS = YES_AGGRESSIVE;
				GCC_WARN_UNUSED_FUNCTION = YES;
				GCC_WARN_UNUSED_VARIABLE = YES;
				IPHONEOS_DEPLOYMENT_TARGET = 16.0;
				MTL_ENABLE_DEBUG_INFO = INCLUDE_SOURCE;
				MTL_FAST_MATH = YES;
				ONLY_ACTIVE_ARCH = YES;
				SDKROOT = iphoneos;
				SWIFT_ACTIVE_COMPILATION_CONDITIONS = DEBUG;
				SWIFT_OPTIMIZATION_LEVEL = "-Onone";
			};
			name = Debug;
		};
		3FD4F338292216D7004311BE /* Release */ = {
			isa = XCBuildConfiguration;
			buildSettings = {
				ALWAYS_SEARCH_USER_PATHS = NO;
				CLANG_ANALYZER_NONNULL = YES;
				CLANG_ANALYZER_NUMBER_OBJECT_CONVERSION = YES_AGGRESSIVE;
				CLANG_CXX_LANGUAGE_STANDARD = "gnu++20";
				CLANG_ENABLE_MODULES = YES;
				CLANG_ENABLE_OBJC_ARC = YES;
				CLANG_ENABLE_OBJC_WEAK = YES;
				CLANG_WARN_BLOCK_CAPTURE_AUTORELEASING = YES;
				CLANG_WARN_BOOL_CONVERSION = YES;
				CLANG_WARN_COMMA = YES;
				CLANG_WARN_CONSTANT_CONVERSION = YES;
				CLANG_WARN_DEPRECATED_OBJC_IMPLEMENTATIONS = YES;
				CLANG_WARN_DIRECT_OBJC_ISA_USAGE = YES_ERROR;
				CLANG_WARN_DOCUMENTATION_COMMENTS = YES;
				CLANG_WARN_EMPTY_BODY = YES;
				CLANG_WARN_ENUM_CONVERSION = YES;
				CLANG_WARN_INFINITE_RECURSION = YES;
				CLANG_WARN_INT_CONVERSION = YES;
				CLANG_WARN_NON_LITERAL_NULL_CONVERSION = YES;
				CLANG_WARN_OBJC_IMPLICIT_RETAIN_SELF = YES;
				CLANG_WARN_OBJC_LITERAL_CONVERSION = YES;
				CLANG_WARN_OBJC_ROOT_CLASS = YES_ERROR;
				CLANG_WARN_QUOTED_INCLUDE_IN_FRAMEWORK_HEADER = YES;
				CLANG_WARN_RANGE_LOOP_ANALYSIS = YES;
				CLANG_WARN_STRICT_PROTOTYPES = YES;
				CLANG_WARN_SUSPICIOUS_MOVE = YES;
				CLANG_WARN_UNGUARDED_AVAILABILITY = YES_AGGRESSIVE;
				CLANG_WARN_UNREACHABLE_CODE = YES;
				CLANG_WARN__DUPLICATE_METHOD_MATCH = YES;
				COPY_PHASE_STRIP = NO;
				DEBUG_INFORMATION_FORMAT = "dwarf-with-dsym";
				ENABLE_NS_ASSERTIONS = NO;
				ENABLE_STRICT_OBJC_MSGSEND = YES;
				GCC_C_LANGUAGE_STANDARD = gnu11;
				GCC_NO_COMMON_BLOCKS = YES;
				GCC_WARN_64_TO_32_BIT_CONVERSION = YES;
				GCC_WARN_ABOUT_RETURN_TYPE = YES_ERROR;
				GCC_WARN_UNDECLARED_SELECTOR = YES;
				GCC_WARN_UNINITIALIZED_AUTOS = YES_AGGRESSIVE;
				GCC_WARN_UNUSED_FUNCTION = YES;
				GCC_WARN_UNUSED_VARIABLE = YES;
				IPHONEOS_DEPLOYMENT_TARGET = 16.0;
				MTL_ENABLE_DEBUG_INFO = NO;
				MTL_FAST_MATH = YES;
				SDKROOT = iphoneos;
				SWIFT_COMPILATION_MODE = wholemodule;
				SWIFT_OPTIMIZATION_LEVEL = "-O";
				VALIDATE_PRODUCT = YES;
			};
			name = Release;
		};
		3FD4F33A292216D7004311BE /* Debug */ = {
			isa = XCBuildConfiguration;
			buildSettings = {
				ASSETCATALOG_COMPILER_APPICON_NAME = AppIcon;
				ASSETCATALOG_COMPILER_GLOBAL_ACCENT_COLOR_NAME = AccentColor;
				CODE_SIGN_STYLE = Automatic;
				CURRENT_PROJECT_VERSION = 1;
				GENERATE_INFOPLIST_FILE = YES;
				INFOPLIST_FILE = JJKit/Info.plist;
				INFOPLIST_KEY_UIApplicationSupportsIndirectInputEvents = YES;
				INFOPLIST_KEY_UILaunchStoryboardName = LaunchScreen;
				INFOPLIST_KEY_UIMainStoryboardFile = Main;
				INFOPLIST_KEY_UISupportedInterfaceOrientations_iPad = "UIInterfaceOrientationPortrait UIInterfaceOrientationPortraitUpsideDown UIInterfaceOrientationLandscapeLeft UIInterfaceOrientationLandscapeRight";
				INFOPLIST_KEY_UISupportedInterfaceOrientations_iPhone = "UIInterfaceOrientationPortrait UIInterfaceOrientationLandscapeLeft UIInterfaceOrientationLandscapeRight";
				IPHONEOS_DEPLOYMENT_TARGET = 13.0;
				LD_RUNPATH_SEARCH_PATHS = (
					"$(inherited)",
					"@executable_path/Frameworks",
				);
				MARKETING_VERSION = 1.0;
				PRODUCT_BUNDLE_IDENTIFIER = com.jero.JJKit;
				PRODUCT_NAME = "$(TARGET_NAME)";
				SWIFT_EMIT_LOC_STRINGS = YES;
				SWIFT_VERSION = 5.0;
				TARGETED_DEVICE_FAMILY = "1,2";
			};
			name = Debug;
		};
		3FD4F33B292216D7004311BE /* Release */ = {
			isa = XCBuildConfiguration;
			buildSettings = {
				ASSETCATALOG_COMPILER_APPICON_NAME = AppIcon;
				ASSETCATALOG_COMPILER_GLOBAL_ACCENT_COLOR_NAME = AccentColor;
				CODE_SIGN_STYLE = Automatic;
				CURRENT_PROJECT_VERSION = 1;
				GENERATE_INFOPLIST_FILE = YES;
				INFOPLIST_FILE = JJKit/Info.plist;
				INFOPLIST_KEY_UIApplicationSupportsIndirectInputEvents = YES;
				INFOPLIST_KEY_UILaunchStoryboardName = LaunchScreen;
				INFOPLIST_KEY_UIMainStoryboardFile = Main;
				INFOPLIST_KEY_UISupportedInterfaceOrientations_iPad = "UIInterfaceOrientationPortrait UIInterfaceOrientationPortraitUpsideDown UIInterfaceOrientationLandscapeLeft UIInterfaceOrientationLandscapeRight";
				INFOPLIST_KEY_UISupportedInterfaceOrientations_iPhone = "UIInterfaceOrientationPortrait UIInterfaceOrientationLandscapeLeft UIInterfaceOrientationLandscapeRight";
				IPHONEOS_DEPLOYMENT_TARGET = 13.0;
				LD_RUNPATH_SEARCH_PATHS = (
					"$(inherited)",
					"@executable_path/Frameworks",
				);
				MARKETING_VERSION = 1.0;
				PRODUCT_BUNDLE_IDENTIFIER = com.jero.JJKit;
				PRODUCT_NAME = "$(TARGET_NAME)";
				SWIFT_EMIT_LOC_STRINGS = YES;
				SWIFT_VERSION = 5.0;
				TARGETED_DEVICE_FAMILY = "1,2";
			};
			name = Release;
		};
		3FD4F33D292216D7004311BE /* Debug */ = {
			isa = XCBuildConfiguration;
			buildSettings = {
				ALWAYS_EMBED_SWIFT_STANDARD_LIBRARIES = YES;
				BUNDLE_LOADER = "$(TEST_HOST)";
				CODE_SIGN_STYLE = Automatic;
				CURRENT_PROJECT_VERSION = 1;
				GENERATE_INFOPLIST_FILE = YES;
				IPHONEOS_DEPLOYMENT_TARGET = 16.0;
				MARKETING_VERSION = 1.0;
				PRODUCT_BUNDLE_IDENTIFIER = com.jero.JJKitTests;
				PRODUCT_NAME = "$(TARGET_NAME)";
				SWIFT_EMIT_LOC_STRINGS = NO;
				SWIFT_VERSION = 5.0;
				TARGETED_DEVICE_FAMILY = "1,2";
				TEST_HOST = "$(BUILT_PRODUCTS_DIR)/JJKit.app/$(BUNDLE_EXECUTABLE_FOLDER_PATH)/JJKit";
			};
			name = Debug;
		};
		3FD4F33E292216D7004311BE /* Release */ = {
			isa = XCBuildConfiguration;
			buildSettings = {
				ALWAYS_EMBED_SWIFT_STANDARD_LIBRARIES = YES;
				BUNDLE_LOADER = "$(TEST_HOST)";
				CODE_SIGN_STYLE = Automatic;
				CURRENT_PROJECT_VERSION = 1;
				GENERATE_INFOPLIST_FILE = YES;
				IPHONEOS_DEPLOYMENT_TARGET = 16.0;
				MARKETING_VERSION = 1.0;
				PRODUCT_BUNDLE_IDENTIFIER = com.jero.JJKitTests;
				PRODUCT_NAME = "$(TARGET_NAME)";
				SWIFT_EMIT_LOC_STRINGS = NO;
				SWIFT_VERSION = 5.0;
				TARGETED_DEVICE_FAMILY = "1,2";
				TEST_HOST = "$(BUILT_PRODUCTS_DIR)/JJKit.app/$(BUNDLE_EXECUTABLE_FOLDER_PATH)/JJKit";
			};
			name = Release;
		};
		3FD4F340292216D7004311BE /* Debug */ = {
			isa = XCBuildConfiguration;
			buildSettings = {
				ALWAYS_EMBED_SWIFT_STANDARD_LIBRARIES = YES;
				CODE_SIGN_STYLE = Automatic;
				CURRENT_PROJECT_VERSION = 1;
				GENERATE_INFOPLIST_FILE = YES;
				MARKETING_VERSION = 1.0;
				PRODUCT_BUNDLE_IDENTIFIER = com.jero.JJKitUITests;
				PRODUCT_NAME = "$(TARGET_NAME)";
				SWIFT_EMIT_LOC_STRINGS = NO;
				SWIFT_VERSION = 5.0;
				TARGETED_DEVICE_FAMILY = "1,2";
				TEST_TARGET_NAME = JJKit;
			};
			name = Debug;
		};
		3FD4F341292216D7004311BE /* Release */ = {
			isa = XCBuildConfiguration;
			buildSettings = {
				ALWAYS_EMBED_SWIFT_STANDARD_LIBRARIES = YES;
				CODE_SIGN_STYLE = Automatic;
				CURRENT_PROJECT_VERSION = 1;
				GENERATE_INFOPLIST_FILE = YES;
				MARKETING_VERSION = 1.0;
				PRODUCT_BUNDLE_IDENTIFIER = com.jero.JJKitUITests;
				PRODUCT_NAME = "$(TARGET_NAME)";
				SWIFT_EMIT_LOC_STRINGS = NO;
				SWIFT_VERSION = 5.0;
				TARGETED_DEVICE_FAMILY = "1,2";
				TEST_TARGET_NAME = JJKit;
			};
			name = Release;
		};
/* End XCBuildConfiguration section */

/* Begin XCConfigurationList section */
		3FD4F30A292216D3004311BE /* Build configuration list for PBXProject "JJKit" */ = {
			isa = XCConfigurationList;
			buildConfigurations = (
				3FD4F337292216D7004311BE /* Debug */,
				3FD4F338292216D7004311BE /* Release */,
			);
			defaultConfigurationIsVisible = 0;
			defaultConfigurationName = Release;
		};
		3FD4F339292216D7004311BE /* Build configuration list for PBXNativeTarget "JJKit" */ = {
			isa = XCConfigurationList;
			buildConfigurations = (
				3FD4F33A292216D7004311BE /* Debug */,
				3FD4F33B292216D7004311BE /* Release */,
			);
			defaultConfigurationIsVisible = 0;
			defaultConfigurationName = Release;
		};
		3FD4F33C292216D7004311BE /* Build configuration list for PBXNativeTarget "JJKitTests" */ = {
			isa = XCConfigurationList;
			buildConfigurations = (
				3FD4F33D292216D7004311BE /* Debug */,
				3FD4F33E292216D7004311BE /* Release */,
			);
			defaultConfigurationIsVisible = 0;
			defaultConfigurationName = Release;
		};
		3FD4F33F292216D7004311BE /* Build configuration list for PBXNativeTarget "JJKitUITests" */ = {
			isa = XCConfigurationList;
			buildConfigurations = (
				3FD4F340292216D7004311BE /* Debug */,
				3FD4F341292216D7004311BE /* Release */,
			);
			defaultConfigurationIsVisible = 0;
			defaultConfigurationName = Release;
		};
/* End XCConfigurationList section */
	};
	rootObject = 3FD4F307292216D3004311BE /* Project object */;
}
